
Microsoft Visual Studio Solution File, Format Version 12.00
# Visual Studio Version 17
VisualStudioVersion = 17.0.32112.339
MinimumVisualStudioVersion = 10.0.40219.1
Project("{FAE04EC0-301F-11D3-BF4B-00C04F79EFBC}") = "YoutubeQ", "YoutubeQ\YoutubeQ.csproj", "{05800D22-C1B8-4B80-9237-6FE27E7FD592}"
EndProject
Global
	GlobalSection(SolutionConfigurationPlatforms) = preSolution
		Debug|Any CPU = Debug|Any CPU
		Release|Any CPU = Release|Any CPU
	EndGlobalSection
	GlobalSection(ProjectConfigurationPlatforms) = postSolution
		{05800D22-C1B8-4B80-9237-6FE27E7FD592}.Debug|Any CPU.ActiveCfg = Debug|Any CPU
		{05800D22-C1B8-4B80-9237-6FE27E7FD592}.Debug|Any CPU.Build.0 = Debug|Any CPU
		{05800D22-C1B8-4B80-9237-6FE27E7FD592}.Release|Any CPU.ActiveCfg = Release|Any CPU
		{05800D22-C1B8-4B80-9237-6FE27E7FD592}.Release|Any CPU.Build.0 = Release|Any CPU
	EndGlobalSection
	GlobalSection(SolutionProperties) = preSolution
		HideSolutionNode = FALSE
	EndGlobalSection
	GlobalSection(ExtensibilityGlobals) = postSolution
		SolutionGuid = {EFAECD9B-98FB-4EC1-A48B-348EFEF6E52C}
	EndGlobalSection
EndGlobal
